// !$*UTF8*$!
{
	archiveVersion = 1;
	classes = {
	};
	objectVersion = 46;
	objects = {

/* Begin PBXBuildFile section */
		DB00A9291B53A42400E28FC3 /* CAPSPageMenu.swift in Sources */ = {isa = PBXBuildFile; fileRef = DB00A9281B53A42400E28FC3 /* CAPSPageMenu.swift */; };
		DB00A92C1B53A69900E28FC3 /* ExploreAViewController.swift in Sources */ = {isa = PBXBuildFile; fileRef = DB00A92B1B53A69900E28FC3 /* ExploreAViewController.swift */; };
		DB00A92E1B53A6AC00E28FC3 /* ExploreBViewController.swift in Sources */ = {isa = PBXBuildFile; fileRef = DB00A92D1B53A6AC00E28FC3 /* ExploreBViewController.swift */; };
		DB00A9301B53A6BB00E28FC3 /* ExploreCViewController.swift in Sources */ = {isa = PBXBuildFile; fileRef = DB00A92F1B53A6BB00E28FC3 /* ExploreCViewController.swift */; };
		DB315D121B5145800018817D /* AppDelegate.swift in Sources */ = {isa = PBXBuildFile; fileRef = DB315D111B5145800018817D /* AppDelegate.swift */; };
		DB315D171B5145800018817D /* Main.storyboard in Resources */ = {isa = PBXBuildFile; fileRef = DB315D151B5145800018817D /* Main.storyboard */; };
		DB315D1C1B5145800018817D /* LaunchScreen.storyboard in Resources */ = {isa = PBXBuildFile; fileRef = DB315D1A1B5145800018817D /* LaunchScreen.storyboard */; };
		DB315D241B51557C0018817D /* Assets.xcassets in Resources */ = {isa = PBXBuildFile; fileRef = DB315D231B51557C0018817D /* Assets.xcassets */; };
		DB315D261B515BF00018817D /* HomeViewController.swift in Sources */ = {isa = PBXBuildFile; fileRef = DB315D251B515BF00018817D /* HomeViewController.swift */; };
		DB315D281B515F070018817D /* ExploreViewController.swift in Sources */ = {isa = PBXBuildFile; fileRef = DB315D271B515F070018817D /* ExploreViewController.swift */; };
		DB315D2A1B515F2E0018817D /* CalenderViewController.swift in Sources */ = {isa = PBXBuildFile; fileRef = DB315D291B515F2E0018817D /* CalenderViewController.swift */; };
		DB315D2C1B515F410018817D /* ProfileViewController.swift in Sources */ = {isa = PBXBuildFile; fileRef = DB315D2B1B515F410018817D /* ProfileViewController.swift */; };
		DB9198C71B52553B005EEBA0 /* HomeTableViewCell.swift in Sources */ = {isa = PBXBuildFile; fileRef = DB9198C61B52553B005EEBA0 /* HomeTableViewCell.swift */; };
		DBCF52541B53B813003BDD4B /* ExploreDViewController.swift in Sources */ = {isa = PBXBuildFile; fileRef = DBCF52531B53B813003BDD4B /* ExploreDViewController.swift */; };
		DBCF52561B53F724003BDD4B /* OnboardingContentViewController.swift in Sources */ = {isa = PBXBuildFile; fileRef = DBCF52551B53F724003BDD4B /* OnboardingContentViewController.swift */; };
		DBCF52581B53F72C003BDD4B /* OnboardingViewController.swift in Sources */ = {isa = PBXBuildFile; fileRef = DBCF52571B53F72C003BDD4B /* OnboardingViewController.swift */; };
/* End PBXBuildFile section */

/* Begin PBXFileReference section */
		DB00A9281B53A42400E28FC3 /* CAPSPageMenu.swift */ = {isa = PBXFileReference; fileEncoding = 4; lastKnownFileType = sourcecode.swift; path = CAPSPageMenu.swift; sourceTree = "<group>"; };
		DB00A92B1B53A69900E28FC3 /* ExploreAViewController.swift */ = {isa = PBXFileReference; fileEncoding = 4; lastKnownFileType = sourcecode.swift; path = ExploreAViewController.swift; sourceTree = "<group>"; };
		DB00A92D1B53A6AC00E28FC3 /* ExploreBViewController.swift */ = {isa = PBXFileReference; fileEncoding = 4; lastKnownFileType = sourcecode.swift; path = ExploreBViewController.swift; sourceTree = "<group>"; };
		DB00A92F1B53A6BB00E28FC3 /* ExploreCViewController.swift */ = {isa = PBXFileReference; fileEncoding = 4; lastKnownFileType = sourcecode.swift; path = ExploreCViewController.swift; sourceTree = "<group>"; };
		DB315D0E1B5145800018817D /* NirBillboard.app */ = {isa = PBXFileReference; explicitFileType = wrapper.application; includeInIndex = 0; path = NirBillboard.app; sourceTree = BUILT_PRODUCTS_DIR; };
		DB315D111B5145800018817D /* AppDelegate.swift */ = {isa = PBXFileReference; lastKnownFileType = sourcecode.swift; path = AppDelegate.swift; sourceTree = "<group>"; };
		DB315D161B5145800018817D /* Base */ = {isa = PBXFileReference; lastKnownFileType = file.storyboard; name = Base; path = Base.lproj/Main.storyboard; sourceTree = "<group>"; };
		DB315D1B1B5145800018817D /* Base */ = {isa = PBXFileReference; lastKnownFileType = file.storyboard; name = Base; path = Base.lproj/LaunchScreen.storyboard; sourceTree = "<group>"; };
		DB315D1D1B5145800018817D /* Info.plist */ = {isa = PBXFileReference; lastKnownFileType = text.plist.xml; path = Info.plist; sourceTree = "<group>"; };
		DB315D231B51557C0018817D /* Assets.xcassets */ = {isa = PBXFileReference; lastKnownFileType = folder.assetcatalog; path = Assets.xcassets; sourceTree = "<group>"; };
		DB315D251B515BF00018817D /* HomeViewController.swift */ = {isa = PBXFileReference; fileEncoding = 4; lastKnownFileType = sourcecode.swift; name = HomeViewController.swift; path = NirBillboard/HomeViewController.swift; sourceTree = "<group>"; };
		DB315D271B515F070018817D /* ExploreViewController.swift */ = {isa = PBXFileReference; fileEncoding = 4; lastKnownFileType = sourcecode.swift; path = ExploreViewController.swift; sourceTree = "<group>"; };
		DB315D291B515F2E0018817D /* CalenderViewController.swift */ = {isa = PBXFileReference; fileEncoding = 4; lastKnownFileType = sourcecode.swift; path = CalenderViewController.swift; sourceTree = "<group>"; };
		DB315D2B1B515F410018817D /* ProfileViewController.swift */ = {isa = PBXFileReference; fileEncoding = 4; lastKnownFileType = sourcecode.swift; path = ProfileViewController.swift; sourceTree = "<group>"; };
		DB9198C61B52553B005EEBA0 /* HomeTableViewCell.swift */ = {isa = PBXFileReference; fileEncoding = 4; lastKnownFileType = sourcecode.swift; name = HomeTableViewCell.swift; path = NirBillboard/HomeTableViewCell.swift; sourceTree = "<group>"; };
		DBCF52531B53B813003BDD4B /* ExploreDViewController.swift */ = {isa = PBXFileReference; fileEncoding = 4; lastKnownFileType = sourcecode.swift; path = ExploreDViewController.swift; sourceTree = "<group>"; };
		DBCF52551B53F724003BDD4B /* OnboardingContentViewController.swift */ = {isa = PBXFileReference; fileEncoding = 4; lastKnownFileType = sourcecode.swift; path = OnboardingContentViewController.swift; sourceTree = "<group>"; };
		DBCF52571B53F72C003BDD4B /* OnboardingViewController.swift */ = {isa = PBXFileReference; fileEncoding = 4; lastKnownFileType = sourcecode.swift; path = OnboardingViewController.swift; sourceTree = "<group>"; };
/* End PBXFileReference section */

/* Begin PBXFrameworksBuildPhase section */
		DB315D0B1B51457F0018817D /* Frameworks */ = {
			isa = PBXFrameworksBuildPhase;
			buildActionMask = 2147483647;
			files = (
			);
			runOnlyForDeploymentPostprocessing = 0;
		};
/* End PBXFrameworksBuildPhase section */

/* Begin PBXGroup section */
		DB00A92A1B53A47500E28FC3 /* HomeView */ = {
			isa = PBXGroup;
			children = (
				DB9198C61B52553B005EEBA0 /* HomeTableViewCell.swift */,
				DB315D251B515BF00018817D /* HomeViewController.swift */,
			);
			name = HomeView;
			path = ..;
			sourceTree = "<group>";
		};
		DB315D051B51457F0018817D = {
			isa = PBXGroup;
			children = (
				DB315D101B5145800018817D /* NirBillboard */,
				DB315D0F1B5145800018817D /* Products */,
			);
			sourceTree = "<group>";
		};
		DB315D0F1B5145800018817D /* Products */ = {
			isa = PBXGroup;
			children = (
				DB315D0E1B5145800018817D /* NirBillboard.app */,
			);
			name = Products;
			sourceTree = "<group>";
		};
		DB315D101B5145800018817D /* NirBillboard */ = {
			isa = PBXGroup;
			children = (
				DB315D111B5145800018817D /* AppDelegate.swift */,
				DBCF52551B53F724003BDD4B /* OnboardingContentViewController.swift */,
				DBCF52571B53F72C003BDD4B /* OnboardingViewController.swift */,
				DB315D151B5145800018817D /* Main.storyboard */,
				DB00A92A1B53A47500E28FC3 /* HomeView */,
				DB315D2D1B515F4E0018817D /* ExploreView */,
				DB315D231B51557C0018817D /* Assets.xcassets */,
				DB315D291B515F2E0018817D /* CalenderViewController.swift */,
				DB315D2B1B515F410018817D /* ProfileViewController.swift */,
				DB315D1A1B5145800018817D /* LaunchScreen.storyboard */,
				DB315D1D1B5145800018817D /* Info.plist */,
			);
			path = NirBillboard;
			sourceTree = "<group>";
		};
		DB315D2D1B515F4E0018817D /* ExploreView */ = {
			isa = PBXGroup;
			children = (
				DB00A9281B53A42400E28FC3 /* CAPSPageMenu.swift */,
				DB315D271B515F070018817D /* ExploreViewController.swift */,
				DB00A92B1B53A69900E28FC3 /* ExploreAViewController.swift */,
				DB00A92D1B53A6AC00E28FC3 /* ExploreBViewController.swift */,
				DB00A92F1B53A6BB00E28FC3 /* ExploreCViewController.swift */,
				DBCF52531B53B813003BDD4B /* ExploreDViewController.swift */,
			);
			name = ExploreView;
			sourceTree = "<group>";
		};
/* End PBXGroup section */

/* Begin PBXNativeTarget section */
		DB315D0D1B51457F0018817D /* NirBillboard */ = {
			isa = PBXNativeTarget;
			buildConfigurationList = DB315D201B5145800018817D /* Build configuration list for PBXNativeTarget "NirBillboard" */;
			buildPhases = (
				DB315D0A1B51457F0018817D /* Sources */,
				DB315D0B1B51457F0018817D /* Frameworks */,
				DB315D0C1B51457F0018817D /* Resources */,
			);
			buildRules = (
			);
			dependencies = (
			);
			name = NirBillboard;
			productName = NirBillboard;
			productReference = DB315D0E1B5145800018817D /* NirBillboard.app */;
			productType = "com.apple.product-type.application";
		};
/* End PBXNativeTarget section */

/* Begin PBXProject section */
		DB315D061B51457F0018817D /* Project object */ = {
			isa = PBXProject;
			attributes = {
				LastUpgradeCheck = 0700;
				ORGANIZATIONNAME = NSNirvana;
				TargetAttributes = {
					DB315D0D1B51457F0018817D = {
						CreatedOnToolsVersion = 7.0;
						DevelopmentTeam = QYV353CYL3;
					};
				};
			};
			buildConfigurationList = DB315D091B51457F0018817D /* Build configuration list for PBXProject "NirBillboard" */;
			compatibilityVersion = "Xcode 3.2";
			developmentRegion = English;
			hasScannedForEncodings = 0;
			knownRegions = (
				en,
				Base,
			);
			mainGroup = DB315D051B51457F0018817D;
			productRefGroup = DB315D0F1B5145800018817D /* Products */;
			projectDirPath = "";
			projectRoot = "";
			targets = (
				DB315D0D1B51457F0018817D /* NirBillboard */,
			);
		};
/* End PBXProject section */

/* Begin PBXResourcesBuildPhase section */
		DB315D0C1B51457F0018817D /* Resources */ = {
			isa = PBXResourcesBuildPhase;
			buildActionMask = 2147483647;
			files = (
				DB315D1C1B5145800018817D /* LaunchScreen.storyboard in Resources */,
				DB315D241B51557C0018817D /* Assets.xcassets in Resources */,
				DB315D171B5145800018817D /* Main.storyboard in Resources */,
			);
			runOnlyForDeploymentPostprocessing = 0;
		};
/* End PBXResourcesBuildPhase section */

/* Begin PBXSourcesBuildPhase section */
		DB315D0A1B51457F0018817D /* Sources */ = {
			isa = PBXSourcesBuildPhase;
			buildActionMask = 2147483647;
			files = (
				DBCF52581B53F72C003BDD4B /* OnboardingViewController.swift in Sources */,
				DB9198C71B52553B005EEBA0 /* HomeTableViewCell.swift in Sources */,
				DBCF52561B53F724003BDD4B /* OnboardingContentViewController.swift in Sources */,
				DB315D2A1B515F2E0018817D /* CalenderViewController.swift in Sources */,
				DBCF52541B53B813003BDD4B /* ExploreDViewController.swift in Sources */,
				DB00A9291B53A42400E28FC3 /* CAPSPageMenu.swift in Sources */,
				DB00A92E1B53A6AC00E28FC3 /* ExploreBViewController.swift in Sources */,
				DB315D121B5145800018817D /* AppDelegate.swift in Sources */,
				DB315D2C1B515F410018817D /* ProfileViewController.swift in Sources */,
				DB315D261B515BF00018817D /* HomeViewController.swift in Sources */,
				DB00A92C1B53A69900E28FC3 /* ExploreAViewController.swift in Sources */,
				DB00A9301B53A6BB00E28FC3 /* ExploreCViewController.swift in Sources */,
				DB315D281B515F070018817D /* ExploreViewController.swift in Sources */,
			);
			runOnlyForDeploymentPostprocessing = 0;
		};
/* End PBXSourcesBuildPhase section */

/* Begin PBXVariantGroup section */
		DB315D151B5145800018817D /* Main.storyboard */ = {
			isa = PBXVariantGroup;
			children = (
				DB315D161B5145800018817D /* Base */,
			);
			name = Main.storyboard;
			sourceTree = "<group>";
		};
		DB315D1A1B5145800018817D /* LaunchScreen.storyboard */ = {
			isa = PBXVariantGroup;
			children = (
				DB315D1B1B5145800018817D /* Base */,
			);
			name = LaunchScreen.storyboard;
			sourceTree = "<group>";
		};
/* End PBXVariantGroup section */

/* Begin XCBuildConfiguration section */
		DB315D1E1B5145800018817D /* Debug */ = {
			isa = XCBuildConfiguration;
			buildSettings = {
				ALWAYS_SEARCH_USER_PATHS = NO;
				CLANG_CXX_LANGUAGE_STANDARD = "gnu++0x";
				CLANG_CXX_LIBRARY = "libc++";
				CLANG_ENABLE_MODULES = YES;
				CLANG_ENABLE_OBJC_ARC = YES;
				CLANG_WARN_BOOL_CONVERSION = YES;
				CLANG_WARN_CONSTANT_CONVERSION = YES;
				CLANG_WARN_DIRECT_OBJC_ISA_USAGE = YES_ERROR;
				CLANG_WARN_EMPTY_BODY = YES;
				CLANG_WARN_ENUM_CONVERSION = YES;
				CLANG_WARN_INT_CONVERSION = YES;
				CLANG_WARN_OBJC_ROOT_CLASS = YES_ERROR;
				CLANG_WARN_UNREACHABLE_CODE = YES;
				CLANG_WARN__DUPLICATE_METHOD_MATCH = YES;
				"CODE_SIGN_IDENTITY[sdk=iphoneos*]" = "iPhone Developer";
				COPY_PHASE_STRIP = NO;
				DEBUG_INFORMATION_FORMAT = dwarf;
				ENABLE_STRICT_OBJC_MSGSEND = YES;
				ENABLE_TESTABILITY = YES;
				GCC_C_LANGUAGE_STANDARD = gnu99;
				GCC_DYNAMIC_NO_PIC = NO;
				GCC_NO_COMMON_BLOCKS = YES;
				GCC_OPTIMIZATION_LEVEL = 0;
				GCC_PREPROCESSOR_DEFINITIONS = (
					"DEBUG=1",
					"$(inherited)",
				);
				GCC_WARN_64_TO_32_BIT_CONVERSION = YES;
				GCC_WARN_ABOUT_RETURN_TYPE = YES_ERROR;
				GCC_WARN_UNDECLARED_SELECTOR = YES;
				GCC_WARN_UNINITIALIZED_AUTOS = YES_AGGRESSIVE;
				GCC_WARN_UNUSED_FUNCTION = YES;
				GCC_WARN_UNUSED_VARIABLE = YES;
				IPHONEOS_DEPLOYMENT_TARGET = 9.0;
				MTL_ENABLE_DEBUG_INFO = YES;
				ONLY_ACTIVE_ARCH = YES;
				SDKROOT = iphoneos;
				SWIFT_OPTIMIZATION_LEVEL = "-Onone";
			};
			name = Debug;
		};
		DB315D1F1B5145800018817D /* Release */ = {
			isa = XCBuildConfiguration;
			buildSettings = {
				ALWAYS_SEARCH_USER_PATHS = NO;
				CLANG_CXX_LANGUAGE_STANDARD = "gnu++0x";
				CLANG_CXX_LIBRARY = "libc++";
				CLANG_ENABLE_MODULES = YES;
				CLANG_ENABLE_OBJC_ARC = YES;
				CLANG_WARN_BOOL_CONVERSION = YES;
				CLANG_WARN_CONSTANT_CONVERSION = YES;
				CLANG_WARN_DIRECT_OBJC_ISA_USAGE = YES_ERROR;
				CLANG_WARN_EMPTY_BODY = YES;
				CLANG_WARN_ENUM_CONVERSION = YES;
				CLANG_WARN_INT_CONVERSION = YES;
				CLANG_WARN_OBJC_ROOT_CLASS = YES_ERROR;
				CLANG_WARN_UNREACHABLE_CODE = YES;
				CLANG_WARN__DUPLICATE_METHOD_MATCH = YES;
				"CODE_SIGN_IDENTITY[sdk=iphoneos*]" = "iPhone Developer";
				COPY_PHASE_STRIP = NO;
				DEBUG_INFORMATION_FORMAT = "dwarf-with-dsym";
				ENABLE_NS_ASSERTIONS = NO;
				ENABLE_STRICT_OBJC_MSGSEND = YES;
				GCC_C_LANGUAGE_STANDARD = gnu99;
				GCC_NO_COMMON_BLOCKS = YES;
				GCC_WARN_64_TO_32_BIT_CONVERSION = YES;
				GCC_WARN_ABOUT_RETURN_TYPE = YES_ERROR;
				GCC_WARN_UNDECLARED_SELECTOR = YES;
				GCC_WARN_UNINITIALIZED_AUTOS = YES_AGGRESSIVE;
				GCC_WARN_UNUSED_FUNCTION = YES;
				GCC_WARN_UNUSED_VARIABLE = YES;
				IPHONEOS_DEPLOYMENT_TARGET = 9.0;
				MTL_ENABLE_DEBUG_INFO = NO;
				SDKROOT = iphoneos;
				VALIDATE_PRODUCT = YES;
			};
			name = Release;
		};
		DB315D211B5145800018817D /* Debug */ = {
			isa = XCBuildConfiguration;
			buildSettings = {
				ASSETCATALOG_COMPILER_APPICON_NAME = AppIcon;
				CODE_SIGN_IDENTITY = "iPhone Developer";
				"CODE_SIGN_IDENTITY[sdk=iphoneos*]" = "iPhone Developer";
				INFOPLIST_FILE = NirBillboard/Info.plist;
				LD_RUNPATH_SEARCH_PATHS = "$(inherited) @executable_path/Frameworks";
				PRODUCT_BUNDLE_IDENTIFIER = Azure.NirBillboard;
				PRODUCT_NAME = "$(TARGET_NAME)";
				PROVISIONING_PROFILE = "";
			};
			name = Debug;
		};
		DB315D221B5145800018817D /* Release */ = {
			isa = XCBuildConfiguration;
			buildSettings = {
				ASSETCATALOG_COMPILER_APPICON_NAME = AppIcon;
				CODE_SIGN_IDENTITY = "iPhone Developer";
				"CODE_SIGN_IDENTITY[sdk=iphoneos*]" = "iPhone Developer";
				INFOPLIST_FILE = NirBillboard/Info.plist;
				LD_RUNPATH_SEARCH_PATHS = "$(inherited) @executable_path/Frameworks";
				PRODUCT_BUNDLE_IDENTIFIER = Azure.NirBillboard;
				PRODUCT_NAME = "$(TARGET_NAME)";
				PROVISIONING_PROFILE = "";
			};
			name = Release;
		};
/* End XCBuildConfiguration section */

/* Begin XCConfigurationList section */
		DB315D091B51457F0018817D /* Build configuration list for PBXProject "NirBillboard" */ = {
			isa = XCConfigurationList;
			buildConfigurations = (
				DB315D1E1B5145800018817D /* Debug */,
				DB315D1F1B5145800018817D /* Release */,
			);
			defaultConfigurationIsVisible = 0;
			defaultConfigurationName = Release;
		};
		DB315D201B5145800018817D /* Build configuration list for PBXNativeTarget "NirBillboard" */ = {
			isa = XCConfigurationList;
			buildConfigurations = (
				DB315D211B5145800018817D /* Debug */,
				DB315D221B5145800018817D /* Release */,
			);
			defaultConfigurationIsVisible = 0;
			defaultConfigurationName = Release;
		};
/* End XCConfigurationList section */
	};
	rootObject = DB315D061B51457F0018817D /* Project object */;
}
